{
  "name": "js",
  "lockfileVersion": 2,
  "requires": true,
  "packages": {
    "": {
      "dependencies": {
        "openhab_rules_tools": "^2.0.3"
      }
    },
    "node_modules/openhab_rules_tools": {
      "version": "2.0.3",
      "resolved": "https://registry.npmjs.org/openhab_rules_tools/-/openhab_rules_tools-2.0.3.tgz",
      "integrity": "sha512-NMtuUJhHQ/jBbMo/aBK5DfL8y8GgndpQdcoWZaidRThRW1Wr8gT1Ho2k2RkfbHMdgLl5KGv0HEcs7RXOYcjqxA=="
    }
  },
  "dependencies": {
    "openhab_rules_tools": {
      "version": "2.0.3",
      "resolved": "https://registry.npmjs.org/openhab_rules_tools/-/openhab_rules_tools-2.0.3.tgz",
      "integrity": "sha512-NMtuUJhHQ/jBbMo/aBK5DfL8y8GgndpQdcoWZaidRThRW1Wr8gT1Ho2k2RkfbHMdgLl5KGv0HEcs7RXOYcjqxA=="
    }
  }
}
